// !$*UTF8*$!
{
	archiveVersion = 1;
	classes = {
	};
	objectVersion = 55;
	objects = {

/* Begin PBXBuildFile section */
		CC3C7243988D2BD3ABE984FE /* EventHandlerWrapper.swift in Sources */ = {isa = PBXBuildFile; fileRef = CC3C7DD2C4380FA265019917 /* EventHandlerWrapper.swift */; };
		CC3C72DF8E2CA00596ACCC72 /* MenuBar.swift in Sources */ = {isa = PBXBuildFile; fileRef = CC3C76D635F1C824B78A4181 /* MenuBar.swift */; };
		CC3C751346DA2A1EC6EEFA12 /* Preferences.swift in Sources */ = {isa = PBXBuildFile; fileRef = CC3C7EF198CC3419A5B8EBAE /* Preferences.swift */; };
		CC3C76F52EBC16FD13B1D764 /* DevicesObserver.swift in Sources */ = {isa = PBXBuildFile; fileRef = CC3C7A1237F3148E067F970D /* DevicesObserver.swift */; };
		CC3C77633D8431061E9F93D3 /* Event.swift in Sources */ = {isa = PBXBuildFile; fileRef = CC3C70AF31CDB8C76C345F6D /* Event.swift */; };
		CC3C77FDBEAD90BF9EFE680A /* PreferencesLoader.swift in Sources */ = {isa = PBXBuildFile; fileRef = CC3C785B6595C413114BCC8A /* PreferencesLoader.swift */; };
		CC3C7CA3469FFA756A55A8EE /* IInvocable.swift in Sources */ = {isa = PBXBuildFile; fileRef = CC3C7D45D626F1DCBDB0BF5F /* IInvocable.swift */; };
		CC3C7CDDC79C66F63827F4A6 /* IDisposable.swift in Sources */ = {isa = PBXBuildFile; fileRef = CC3C7D5383B08626365DF7DD /* IDisposable.swift */; };
		F6B118522BEB93B400B991EF /* LaunchAtLogin in Frameworks */ = {isa = PBXBuildFile; productRef = F6B118512BEB93B400B991EF /* LaunchAtLogin */; };
		F6B9613328B82761001E1D00 /* AirPodsSanityApp.swift in Sources */ = {isa = PBXBuildFile; fileRef = F6B9613228B82761001E1D00 /* AirPodsSanityApp.swift */; };
		F6B9613528B82761001E1D00 /* ContentView.swift in Sources */ = {isa = PBXBuildFile; fileRef = F6B9613428B82761001E1D00 /* ContentView.swift */; };
		F6B9613728B82762001E1D00 /* Assets.xcassets in Resources */ = {isa = PBXBuildFile; fileRef = F6B9613628B82762001E1D00 /* Assets.xcassets */; };
		F6B9613A28B82762001E1D00 /* Preview Assets.xcassets in Resources */ = {isa = PBXBuildFile; fileRef = F6B9613928B82762001E1D00 /* Preview Assets.xcassets */; };
		F6BCD64428BA781500C56ACE /* airpods-icon.png in Resources */ = {isa = PBXBuildFile; fileRef = F6BCD64328BA781500C56ACE /* airpods-icon.png */; };
		F6BCD64628BA782100C56ACE /* airpods-icon@2x.png in Resources */ = {isa = PBXBuildFile; fileRef = F6BCD64528BA782100C56ACE /* airpods-icon@2x.png */; };
		F6BCD64928BA8F5100C56ACE /* Localizable.strings in Resources */ = {isa = PBXBuildFile; fileRef = F6BCD64B28BA8F5100C56ACE /* Localizable.strings */; };
		F6F5183B28B84239000552D3 /* AirPodsObserver.swift in Sources */ = {isa = PBXBuildFile; fileRef = F6F5183A28B84239000552D3 /* AirPodsObserver.swift */; };
		F6F5183D28B84B00000552D3 /* AppDelegate.swift in Sources */ = {isa = PBXBuildFile; fileRef = F6F5183C28B84B00000552D3 /* AppDelegate.swift */; };
		F6F5184328B85EF9000552D3 /* SimplyCoreAudio in Frameworks */ = {isa = PBXBuildFile; productRef = F6F5184228B85EF9000552D3 /* SimplyCoreAudio */; };
/* End PBXBuildFile section */

/* Begin PBXFileReference section */
		CC3C70AF31CDB8C76C345F6D /* Event.swift */ = {isa = PBXFileReference; fileEncoding = 4; lastKnownFileType = sourcecode.swift; path = Event.swift; sourceTree = "<group>"; };
		CC3C76D635F1C824B78A4181 /* MenuBar.swift */ = {isa = PBXFileReference; fileEncoding = 4; lastKnownFileType = sourcecode.swift; path = MenuBar.swift; sourceTree = "<group>"; };
		CC3C785B6595C413114BCC8A /* PreferencesLoader.swift */ = {isa = PBXFileReference; fileEncoding = 4; lastKnownFileType = sourcecode.swift; path = PreferencesLoader.swift; sourceTree = "<group>"; };
		CC3C7A1237F3148E067F970D /* DevicesObserver.swift */ = {isa = PBXFileReference; fileEncoding = 4; lastKnownFileType = sourcecode.swift; path = DevicesObserver.swift; sourceTree = "<group>"; };
		CC3C7D45D626F1DCBDB0BF5F /* IInvocable.swift */ = {isa = PBXFileReference; fileEncoding = 4; lastKnownFileType = sourcecode.swift; path = IInvocable.swift; sourceTree = "<group>"; };
		CC3C7D5383B08626365DF7DD /* IDisposable.swift */ = {isa = PBXFileReference; fileEncoding = 4; lastKnownFileType = sourcecode.swift; path = IDisposable.swift; sourceTree = "<group>"; };
		CC3C7DD2C4380FA265019917 /* EventHandlerWrapper.swift */ = {isa = PBXFileReference; fileEncoding = 4; lastKnownFileType = sourcecode.swift; path = EventHandlerWrapper.swift; sourceTree = "<group>"; };
		CC3C7EF198CC3419A5B8EBAE /* Preferences.swift */ = {isa = PBXFileReference; fileEncoding = 4; lastKnownFileType = sourcecode.swift; path = Preferences.swift; sourceTree = "<group>"; };
		F6B9612F28B82761001E1D00 /* AirPods Sanity.app */ = {isa = PBXFileReference; explicitFileType = wrapper.application; includeInIndex = 0; path = "AirPods Sanity.app"; sourceTree = BUILT_PRODUCTS_DIR; };
		F6B9613228B82761001E1D00 /* AirPodsSanityApp.swift */ = {isa = PBXFileReference; lastKnownFileType = sourcecode.swift; path = AirPodsSanityApp.swift; sourceTree = "<group>"; };
		F6B9613428B82761001E1D00 /* ContentView.swift */ = {isa = PBXFileReference; lastKnownFileType = sourcecode.swift; path = ContentView.swift; sourceTree = "<group>"; };
		F6B9613628B82762001E1D00 /* Assets.xcassets */ = {isa = PBXFileReference; lastKnownFileType = folder.assetcatalog; path = Assets.xcassets; sourceTree = "<group>"; };
		F6B9613928B82762001E1D00 /* Preview Assets.xcassets */ = {isa = PBXFileReference; lastKnownFileType = folder.assetcatalog; path = "Preview Assets.xcassets"; sourceTree = "<group>"; };
		F6B9613B28B82762001E1D00 /* AirPods_Sanity.entitlements */ = {isa = PBXFileReference; lastKnownFileType = text.plist.entitlements; path = AirPods_Sanity.entitlements; sourceTree = "<group>"; };
		F6BCD64328BA781500C56ACE /* airpods-icon.png */ = {isa = PBXFileReference; lastKnownFileType = image.png; path = "airpods-icon.png"; sourceTree = "<group>"; };
		F6BCD64528BA782100C56ACE /* airpods-icon@2x.png */ = {isa = PBXFileReference; lastKnownFileType = image.png; path = "airpods-icon@2x.png"; sourceTree = "<group>"; };
		F6BCD64A28BA8F5100C56ACE /* en */ = {isa = PBXFileReference; lastKnownFileType = text.plist.strings; name = en; path = en.lproj/Localizable.strings; sourceTree = "<group>"; };
		F6BCD64C28BA8F9900C56ACE /* de */ = {isa = PBXFileReference; lastKnownFileType = text.plist.strings; name = de; path = de.lproj/Localizable.strings; sourceTree = "<group>"; };
		F6F5183A28B84239000552D3 /* AirPodsObserver.swift */ = {isa = PBXFileReference; lastKnownFileType = sourcecode.swift; path = AirPodsObserver.swift; sourceTree = "<group>"; };
		F6F5183C28B84B00000552D3 /* AppDelegate.swift */ = {isa = PBXFileReference; lastKnownFileType = sourcecode.swift; path = AppDelegate.swift; sourceTree = "<group>"; };
		F6F5184028B85D23000552D3 /* AirPods-Sanity-Info.plist */ = {isa = PBXFileReference; lastKnownFileType = text.plist.info; path = "AirPods-Sanity-Info.plist"; sourceTree = SOURCE_ROOT; };
/* End PBXFileReference section */

/* Begin PBXFrameworksBuildPhase section */
		F6B9612C28B82761001E1D00 /* Frameworks */ = {
			isa = PBXFrameworksBuildPhase;
			buildActionMask = 2147483647;
			files = (
				F6B118522BEB93B400B991EF /* LaunchAtLogin in Frameworks */,
				F6F5184328B85EF9000552D3 /* SimplyCoreAudio in Frameworks */,
			);
			runOnlyForDeploymentPostprocessing = 0;
		};
/* End PBXFrameworksBuildPhase section */

/* Begin PBXGroup section */
		CC3C7F472754E14F32187B3D /* Events */ = {
			isa = PBXGroup;
			children = (
				CC3C7D5383B08626365DF7DD /* IDisposable.swift */,
				CC3C7DD2C4380FA265019917 /* EventHandlerWrapper.swift */,
				CC3C70AF31CDB8C76C345F6D /* Event.swift */,
				CC3C7D45D626F1DCBDB0BF5F /* IInvocable.swift */,
			);
			path = Events;
			sourceTree = "<group>";
		};
		F6B9612628B82761001E1D00 = {
			isa = PBXGroup;
			children = (
				F6BCD64B28BA8F5100C56ACE /* Localizable.strings */,
				F6B9613128B82761001E1D00 /* AirPods Sanity */,
				F6B9613028B82761001E1D00 /* Products */,
			);
			sourceTree = "<group>";
		};
		F6B9613028B82761001E1D00 /* Products */ = {
			isa = PBXGroup;
			children = (
				F6B9612F28B82761001E1D00 /* AirPods Sanity.app */,
			);
			name = Products;
			sourceTree = "<group>";
		};
		F6B9613128B82761001E1D00 /* AirPods Sanity */ = {
			isa = PBXGroup;
			children = (
				F6F5184028B85D23000552D3 /* AirPods-Sanity-Info.plist */,
				F6BCD64328BA781500C56ACE /* airpods-icon.png */,
				F6BCD64528BA782100C56ACE /* airpods-icon@2x.png */,
				F6F5183C28B84B00000552D3 /* AppDelegate.swift */,
				F6B9613228B82761001E1D00 /* AirPodsSanityApp.swift */,
				F6B9613428B82761001E1D00 /* ContentView.swift */,
				F6F5183A28B84239000552D3 /* AirPodsObserver.swift */,
				F6B9613628B82762001E1D00 /* Assets.xcassets */,
				F6B9613B28B82762001E1D00 /* AirPods_Sanity.entitlements */,
				F6B9613828B82762001E1D00 /* Preview Content */,
				CC3C7A1237F3148E067F970D /* DevicesObserver.swift */,
				CC3C7F472754E14F32187B3D /* Events */,
				CC3C7EF198CC3419A5B8EBAE /* Preferences.swift */,
				CC3C785B6595C413114BCC8A /* PreferencesLoader.swift */,
				CC3C76D635F1C824B78A4181 /* MenuBar.swift */,
			);
			path = "AirPods Sanity";
			sourceTree = "<group>";
		};
		F6B9613828B82762001E1D00 /* Preview Content */ = {
			isa = PBXGroup;
			children = (
				F6B9613928B82762001E1D00 /* Preview Assets.xcassets */,
			);
			path = "Preview Content";
			sourceTree = "<group>";
		};
/* End PBXGroup section */

/* Begin PBXNativeTarget section */
		F6B9612E28B82761001E1D00 /* AirPods Sanity */ = {
			isa = PBXNativeTarget;
			buildConfigurationList = F6B9613E28B82762001E1D00 /* Build configuration list for PBXNativeTarget "AirPods Sanity" */;
			buildPhases = (
				F6B9612B28B82761001E1D00 /* Sources */,
				F6B9612C28B82761001E1D00 /* Frameworks */,
				F6B9612D28B82761001E1D00 /* Resources */,
			);
			buildRules = (
			);
			dependencies = (
			);
			name = "AirPods Sanity";
			packageProductDependencies = (
				F6F5184228B85EF9000552D3 /* SimplyCoreAudio */,
				F6B118512BEB93B400B991EF /* LaunchAtLogin */,
			);
			productName = "AirPods Sanity";
			productReference = F6B9612F28B82761001E1D00 /* AirPods Sanity.app */;
			productType = "com.apple.product-type.application";
		};
/* End PBXNativeTarget section */

/* Begin PBXProject section */
		F6B9612728B82761001E1D00 /* Project object */ = {
			isa = PBXProject;
			attributes = {
				BuildIndependentTargetsInParallel = 1;
				LastSwiftUpdateCheck = 1340;
				LastUpgradeCheck = 1530;
				ORGANIZATIONNAME = "Tobias Punke";
				TargetAttributes = {
					F6B9612E28B82761001E1D00 = {
						CreatedOnToolsVersion = 13.4.1;
					};
				};
			};
			buildConfigurationList = F6B9612A28B82761001E1D00 /* Build configuration list for PBXProject "AirPods Sanity" */;
			compatibilityVersion = "Xcode 13.0";
			developmentRegion = en;
			hasScannedForEncodings = 0;
			knownRegions = (
				en,
				de,
				Base,
			);
			mainGroup = F6B9612628B82761001E1D00;
			packageReferences = (
				F64E7EEC28B8290000B70C49 /* XCRemoteSwiftPackageReference "SimplyCoreAudio" */,
				F6F5184128B85EF9000552D3 /* XCRemoteSwiftPackageReference "SimplyCoreAudio" */,
				F6B118502BEB93B400B991EF /* XCRemoteSwiftPackageReference "LaunchAtLogin-Modern" */,
			);
			productRefGroup = F6B9613028B82761001E1D00 /* Products */;
			projectDirPath = "";
			projectRoot = "";
			targets = (
				F6B9612E28B82761001E1D00 /* AirPods Sanity */,
			);
		};
/* End PBXProject section */

/* Begin PBXResourcesBuildPhase section */
		F6B9612D28B82761001E1D00 /* Resources */ = {
			isa = PBXResourcesBuildPhase;
			buildActionMask = 2147483647;
			files = (
				F6BCD64928BA8F5100C56ACE /* Localizable.strings in Resources */,
				F6BCD64628BA782100C56ACE /* airpods-icon@2x.png in Resources */,
				F6B9613A28B82762001E1D00 /* Preview Assets.xcassets in Resources */,
				F6BCD64428BA781500C56ACE /* airpods-icon.png in Resources */,
				F6B9613728B82762001E1D00 /* Assets.xcassets in Resources */,
			);
			runOnlyForDeploymentPostprocessing = 0;
		};
/* End PBXResourcesBuildPhase section */

/* Begin PBXSourcesBuildPhase section */
		F6B9612B28B82761001E1D00 /* Sources */ = {
			isa = PBXSourcesBuildPhase;
			buildActionMask = 2147483647;
			files = (
				F6F5183D28B84B00000552D3 /* AppDelegate.swift in Sources */,
				F6B9613528B82761001E1D00 /* ContentView.swift in Sources */,
				F6F5183B28B84239000552D3 /* AirPodsObserver.swift in Sources */,
				F6B9613328B82761001E1D00 /* AirPodsSanityApp.swift in Sources */,
				CC3C76F52EBC16FD13B1D764 /* DevicesObserver.swift in Sources */,
				CC3C7CDDC79C66F63827F4A6 /* IDisposable.swift in Sources */,
				CC3C7243988D2BD3ABE984FE /* EventHandlerWrapper.swift in Sources */,
				CC3C77633D8431061E9F93D3 /* Event.swift in Sources */,
				CC3C7CA3469FFA756A55A8EE /* IInvocable.swift in Sources */,
				CC3C751346DA2A1EC6EEFA12 /* Preferences.swift in Sources */,
				CC3C77FDBEAD90BF9EFE680A /* PreferencesLoader.swift in Sources */,
				CC3C72DF8E2CA00596ACCC72 /* MenuBar.swift in Sources */,
			);
			runOnlyForDeploymentPostprocessing = 0;
		};
/* End PBXSourcesBuildPhase section */

/* Begin PBXVariantGroup section */
		F6BCD64B28BA8F5100C56ACE /* Localizable.strings */ = {
			isa = PBXVariantGroup;
			children = (
				F6BCD64A28BA8F5100C56ACE /* en */,
				F6BCD64C28BA8F9900C56ACE /* de */,
			);
			name = Localizable.strings;
			sourceTree = "<group>";
		};
/* End PBXVariantGroup section */

/* Begin XCBuildConfiguration section */
		F6B9613C28B82762001E1D00 /* Debug */ = {
			isa = XCBuildConfiguration;
			buildSettings = {
				ALWAYS_SEARCH_USER_PATHS = NO;
				CLANG_ANALYZER_LOCALIZABILITY_NONLOCALIZED = YES;
				CLANG_ANALYZER_NONNULL = YES;
				CLANG_ANALYZER_NUMBER_OBJECT_CONVERSION = YES_AGGRESSIVE;
				CLANG_CXX_LANGUAGE_STANDARD = "gnu++17";
				CLANG_ENABLE_MODULES = YES;
				CLANG_ENABLE_OBJC_ARC = YES;
				CLANG_ENABLE_OBJC_WEAK = YES;
				CLANG_WARN_BLOCK_CAPTURE_AUTORELEASING = YES;
				CLANG_WARN_BOOL_CONVERSION = YES;
				CLANG_WARN_COMMA = YES;
				CLANG_WARN_CONSTANT_CONVERSION = YES;
				CLANG_WARN_DEPRECATED_OBJC_IMPLEMENTATIONS = YES;
				CLANG_WARN_DIRECT_OBJC_ISA_USAGE = YES_ERROR;
				CLANG_WARN_DOCUMENTATION_COMMENTS = YES;
				CLANG_WARN_EMPTY_BODY = YES;
				CLANG_WARN_ENUM_CONVERSION = YES;
				CLANG_WARN_INFINITE_RECURSION = YES;
				CLANG_WARN_INT_CONVERSION = YES;
				CLANG_WARN_NON_LITERAL_NULL_CONVERSION = YES;
				CLANG_WARN_OBJC_IMPLICIT_RETAIN_SELF = YES;
				CLANG_WARN_OBJC_LITERAL_CONVERSION = YES;
				CLANG_WARN_OBJC_ROOT_CLASS = YES_ERROR;
				CLANG_WARN_QUOTED_INCLUDE_IN_FRAMEWORK_HEADER = YES;
				CLANG_WARN_RANGE_LOOP_ANALYSIS = YES;
				CLANG_WARN_STRICT_PROTOTYPES = YES;
				CLANG_WARN_SUSPICIOUS_MOVE = YES;
				CLANG_WARN_UNGUARDED_AVAILABILITY = YES_AGGRESSIVE;
				CLANG_WARN_UNREACHABLE_CODE = YES;
				CLANG_WARN__DUPLICATE_METHOD_MATCH = YES;
				COPY_PHASE_STRIP = NO;
				DEAD_CODE_STRIPPING = YES;
				DEBUG_INFORMATION_FORMAT = dwarf;
				ENABLE_STRICT_OBJC_MSGSEND = YES;
				ENABLE_TESTABILITY = YES;
				ENABLE_USER_SCRIPT_SANDBOXING = YES;
				GCC_C_LANGUAGE_STANDARD = gnu11;
				GCC_DYNAMIC_NO_PIC = NO;
				GCC_NO_COMMON_BLOCKS = YES;
				GCC_OPTIMIZATION_LEVEL = 0;
				GCC_PREPROCESSOR_DEFINITIONS = (
					"DEBUG=1",
					"$(inherited)",
				);
				GCC_WARN_64_TO_32_BIT_CONVERSION = YES;
				GCC_WARN_ABOUT_RETURN_TYPE = YES_ERROR;
				GCC_WARN_UNDECLARED_SELECTOR = YES;
				GCC_WARN_UNINITIALIZED_AUTOS = YES_AGGRESSIVE;
				GCC_WARN_UNUSED_FUNCTION = YES;
				GCC_WARN_UNUSED_VARIABLE = YES;
				MACOSX_DEPLOYMENT_TARGET = 13.0;
				MTL_ENABLE_DEBUG_INFO = INCLUDE_SOURCE;
				MTL_FAST_MATH = YES;
				ONLY_ACTIVE_ARCH = YES;
				SDKROOT = macosx;
				SWIFT_ACTIVE_COMPILATION_CONDITIONS = DEBUG;
				SWIFT_OPTIMIZATION_LEVEL = "-Onone";
			};
			name = Debug;
		};
		F6B9613D28B82762001E1D00 /* Release */ = {
			isa = XCBuildConfiguration;
			buildSettings = {
				ALWAYS_SEARCH_USER_PATHS = NO;
				CLANG_ANALYZER_LOCALIZABILITY_NONLOCALIZED = YES;
				CLANG_ANALYZER_NONNULL = YES;
				CLANG_ANALYZER_NUMBER_OBJECT_CONVERSION = YES_AGGRESSIVE;
				CLANG_CXX_LANGUAGE_STANDARD = "gnu++17";
				CLANG_ENABLE_MODULES = YES;
				CLANG_ENABLE_OBJC_ARC = YES;
				CLANG_ENABLE_OBJC_WEAK = YES;
				CLANG_WARN_BLOCK_CAPTURE_AUTORELEASING = YES;
				CLANG_WARN_BOOL_CONVERSION = YES;
				CLANG_WARN_COMMA = YES;
				CLANG_WARN_CONSTANT_CONVERSION = YES;
				CLANG_WARN_DEPRECATED_OBJC_IMPLEMENTATIONS = YES;
				CLANG_WARN_DIRECT_OBJC_ISA_USAGE = YES_ERROR;
				CLANG_WARN_DOCUMENTATION_COMMENTS = YES;
				CLANG_WARN_EMPTY_BODY = YES;
				CLANG_WARN_ENUM_CONVERSION = YES;
				CLANG_WARN_INFINITE_RECURSION = YES;
				CLANG_WARN_INT_CONVERSION = YES;
				CLANG_WARN_NON_LITERAL_NULL_CONVERSION = YES;
				CLANG_WARN_OBJC_IMPLICIT_RETAIN_SELF = YES;
				CLANG_WARN_OBJC_LITERAL_CONVERSION = YES;
				CLANG_WARN_OBJC_ROOT_CLASS = YES_ERROR;
				CLANG_WARN_QUOTED_INCLUDE_IN_FRAMEWORK_HEADER = YES;
				CLANG_WARN_RANGE_LOOP_ANALYSIS = YES;
				CLANG_WARN_STRICT_PROTOTYPES = YES;
				CLANG_WARN_SUSPICIOUS_MOVE = YES;
				CLANG_WARN_UNGUARDED_AVAILABILITY = YES_AGGRESSIVE;
				CLANG_WARN_UNREACHABLE_CODE = YES;
				CLANG_WARN__DUPLICATE_METHOD_MATCH = YES;
				COPY_PHASE_STRIP = NO;
				DEAD_CODE_STRIPPING = YES;
				DEBUG_INFORMATION_FORMAT = "dwarf-with-dsym";
				ENABLE_NS_ASSERTIONS = NO;
				ENABLE_STRICT_OBJC_MSGSEND = YES;
				ENABLE_USER_SCRIPT_SANDBOXING = YES;
				GCC_C_LANGUAGE_STANDARD = gnu11;
				GCC_NO_COMMON_BLOCKS = YES;
				GCC_WARN_64_TO_32_BIT_CONVERSION = YES;
				GCC_WARN_ABOUT_RETURN_TYPE = YES_ERROR;
				GCC_WARN_UNDECLARED_SELECTOR = YES;
				GCC_WARN_UNINITIALIZED_AUTOS = YES_AGGRESSIVE;
				GCC_WARN_UNUSED_FUNCTION = YES;
				GCC_WARN_UNUSED_VARIABLE = YES;
				MACOSX_DEPLOYMENT_TARGET = 13.0;
				MTL_ENABLE_DEBUG_INFO = NO;
				MTL_FAST_MATH = YES;
				SDKROOT = macosx;
				SWIFT_COMPILATION_MODE = wholemodule;
				SWIFT_OPTIMIZATION_LEVEL = "-O";
			};
			name = Release;
		};
		F6B9613F28B82762001E1D00 /* Debug */ = {
			isa = XCBuildConfiguration;
			buildSettings = {
				ASSETCATALOG_COMPILER_APPICON_NAME = AppIcon;
				ASSETCATALOG_COMPILER_GLOBAL_ACCENT_COLOR_NAME = AccentColor;
				CODE_SIGN_ENTITLEMENTS = "AirPods Sanity/AirPods_Sanity.entitlements";
				CODE_SIGN_IDENTITY = "-";
				CODE_SIGN_STYLE = Automatic;
				COMBINE_HIDPI_IMAGES = YES;
				CURRENT_PROJECT_VERSION = 1.0.4.1;
				DEAD_CODE_STRIPPING = YES;
				DEVELOPMENT_ASSET_PATHS = "\"AirPods Sanity/Preview Content\"";
				DEVELOPMENT_TEAM = 2P9YZ8CQSH;
				ENABLE_HARDENED_RUNTIME = YES;
				ENABLE_PREVIEWS = YES;
				GENERATE_INFOPLIST_FILE = YES;
				INFOPLIST_FILE = "AirPods-Sanity-Info.plist";
				INFOPLIST_KEY_NSHumanReadableCopyright = "";
				LD_RUNPATH_SEARCH_PATHS = (
					"$(inherited)",
					"@executable_path/../Frameworks",
				);
				MARKETING_VERSION = 1.0;
				PRODUCT_BUNDLE_IDENTIFIER = "eu.punke.AirPods-Sanity";
				PRODUCT_NAME = "$(TARGET_NAME)";
				SWIFT_EMIT_LOC_STRINGS = YES;
				SWIFT_VERSION = 5.0;
			};
			name = Debug;
		};
		F6B9614028B82762001E1D00 /* Release */ = {
			isa = XCBuildConfiguration;
			buildSettings = {
				ASSETCATALOG_COMPILER_APPICON_NAME = AppIcon;
				ASSETCATALOG_COMPILER_GLOBAL_ACCENT_COLOR_NAME = AccentColor;
				CODE_SIGN_ENTITLEMENTS = "AirPods Sanity/AirPods_Sanity.entitlements";
				CODE_SIGN_IDENTITY = "-";
				CODE_SIGN_STYLE = Automatic;
				COMBINE_HIDPI_IMAGES = YES;
				CURRENT_PROJECT_VERSION = 1.0.4.1;
				DEAD_CODE_STRIPPING = YES;
				DEVELOPMENT_ASSET_PATHS = "\"AirPods Sanity/Preview Content\"";
				DEVELOPMENT_TEAM = 2P9YZ8CQSH;
				ENABLE_HARDENED_RUNTIME = YES;
				ENABLE_PREVIEWS = YES;
				GENERATE_INFOPLIST_FILE = YES;
				INFOPLIST_FILE = "AirPods-Sanity-Info.plist";
				INFOPLIST_KEY_NSHumanReadableCopyright = "";
				LD_RUNPATH_SEARCH_PATHS = (
					"$(inherited)",
					"@executable_path/../Frameworks",
				);
				MARKETING_VERSION = 1.0;
				PRODUCT_BUNDLE_IDENTIFIER = "eu.punke.AirPods-Sanity";
				PRODUCT_NAME = "$(TARGET_NAME)";
				SWIFT_EMIT_LOC_STRINGS = YES;
				SWIFT_VERSION = 5.0;
			};
			name = Release;
		};
/* End XCBuildConfiguration section */

/* Begin XCConfigurationList section */
		F6B9612A28B82761001E1D00 /* Build configuration list for PBXProject "AirPods Sanity" */ = {
			isa = XCConfigurationList;
			buildConfigurations = (
				F6B9613C28B82762001E1D00 /* Debug */,
				F6B9613D28B82762001E1D00 /* Release */,
			);
			defaultConfigurationIsVisible = 0;
			defaultConfigurationName = Release;
		};
		F6B9613E28B82762001E1D00 /* Build configuration list for PBXNativeTarget "AirPods Sanity" */ = {
			isa = XCConfigurationList;
			buildConfigurations = (
				F6B9613F28B82762001E1D00 /* Debug */,
				F6B9614028B82762001E1D00 /* Release */,
			);
			defaultConfigurationIsVisible = 0;
			defaultConfigurationName = Release;
		};
/* End XCConfigurationList section */

/* Begin XCRemoteSwiftPackageReference section */
		F64E7EEC28B8290000B70C49 /* XCRemoteSwiftPackageReference "SimplyCoreAudio" */ = {
			isa = XCRemoteSwiftPackageReference;
			repositoryURL = "https://github.com/rnine/SimplyCoreAudio.git";
			requirement = {
				kind = upToNextMajorVersion;
				minimumVersion = 4.0.0;
			};
		};
		F6B118502BEB93B400B991EF /* XCRemoteSwiftPackageReference "LaunchAtLogin-Modern" */ = {
			isa = XCRemoteSwiftPackageReference;
			repositoryURL = "https://github.com/sindresorhus/LaunchAtLogin-Modern";
			requirement = {
				branch = main;
				kind = branch;
			};
		};
		F6F5184128B85EF9000552D3 /* XCRemoteSwiftPackageReference "SimplyCoreAudio" */ = {
			isa = XCRemoteSwiftPackageReference;
			repositoryURL = "https://github.com/rnine/SimplyCoreAudio.git";
			requirement = {
				branch = develop;
				kind = branch;
			};
		};
/* End XCRemoteSwiftPackageReference section */

/* Begin XCSwiftPackageProductDependency section */
		F6B118512BEB93B400B991EF /* LaunchAtLogin */ = {
			isa = XCSwiftPackageProductDependency;
			package = F6B118502BEB93B400B991EF /* XCRemoteSwiftPackageReference "LaunchAtLogin-Modern" */;
			productName = LaunchAtLogin;
		};
		F6F5184228B85EF9000552D3 /* SimplyCoreAudio */ = {
			isa = XCSwiftPackageProductDependency;
			package = F6F5184128B85EF9000552D3 /* XCRemoteSwiftPackageReference "SimplyCoreAudio" */;
			productName = SimplyCoreAudio;
		};
/* End XCSwiftPackageProductDependency section */
	};
	rootObject = F6B9612728B82761001E1D00 /* Project object */;
}
